```json
{
  "name": "client",
  "version": "0.1.0",
  "lockfileVersion": 3,
  "requires": true,
  "packages": {
    "": {
      "name": "client",
      "version": "0.1.0",
      "dependencies": {
        "@testing-library/jest-dom": "^5.17.0",
        "@testing-library/react": "^13.4.0",
        "@testing-library/user-event": "^13.5.0",
        "axios": "^1.6.8",
        "react": "^18.2.0",
        "react-dom": "^18.2.0",
        "react-router-dom": "^6.22.3",
        "react-scripts": "5.0.1",
        "web-vitals": "^2.1.4"
      },
      "devDependencies": {
        "autoprefixer": "^10.4.19",
        "postcss": "^8.4.38",
        "tailwindcss": "^3.4.3"
      },
      "engines": {
        "node": ">=14.0.0"
      }
    },
    "node_modules/@babel/code-frame": {
      "version": "7.24.1",
      "resolved": "https://registry.npmjs.org/@babel/code-frame/-/code-frame-7.24.1.tgz",
      "integrity": "sha512-H/bERk/fS3B+D/Q2/sB7/fR/f1/Hw/A1/J/f1/Hw/A1/J/f1/Hw/A1/J/f1/Hw/A1/J/f1/Hw/A1/J/f1/Hw/A1/J/f1/Hw/A1/J/f1/Hw/A1/J/f1/Hw/A1/J/f1/Hw/A1/J/f1/Hw/A1/J/f1/Hw/A1/J/f1/Hw/A1/J/f1/Hw/A1/J/f1/Hw/A1/J/f1/Hw/A1/J/f1/Hw/A1/J/f1/Hw/A1/J/f1/Hw/A1/J/f1/Hw/A1/J/f1/Hw/A1/J/f1/Hw/A1/J/f1/Hw/A1/J/f1/Hw/A1/J/f1/Hw/A1/J/f1/Hw/A1/J/f1/Hw/A1/J/f1/Hw/A1/J/f1/Hw/A1/J/f1/Hw/A1/J/f1/Hw/A1/J/f1/Hw/A1/J/f1/Hw/A1/J/f1/Hw/A1/J/f1/Hw/A1/J/f1/Hw/A1/J/f1/Hw/A1/J/f1/Hw/A1/J/f1/Hw/A1/J/f1/Hw/A1/J/f1/Hw/A1/J/f1/Hw/A1/J/f1/Hw/A1/J/f1/Hw/A1/J/f1/Hw/A1/J/f1/Hw/A1/J/f1/Hw/A1/J/f1/Hw/A1/J/f1/Hw/A1/J/f1/Hw/A1/J/f1/Hw/A1/J/f1/Hw/A1/J/f1/Hw/A1/J/f1/Hw/A1/J/f1/Hw/A1/J/f1/Hw/A1/J/f1/Hw/A1/J/f1/Hw/A1/J/f1/Hw/A1/J/f1/Hw/A1/J/f1/Hw/A1/J/f1/Hw/A1/J/f1/Hw/A1/J/f1/Hw/A1/J/f1/Hw/A1/J/f1/Hw/A1/J/f1/Hw/A1/J/f1/Hw/A1/J/f1/Hw/A1/J/f1/Hw/A1/J/f1/Hw/A1/J/f1/Hw/A1/J/f1/Hw/A1/J/f1/Hw/A1/J/f1/Hw/A1/J/f1/Hw/A1/J/f1/Hw/A1/J/f1/Hw/A1/J/f1/Hw/A1/J/f1/Hw/A1/J/f1/Hw/A1/J/f1/Hw/A1/J/f1/Hw/A1/J/f1/Hw/A1/J/f1/Hw/A1/J/f1/Hw/A1/J/f1/Hw/A1/J/f1/Hw/A1/J/f1/Hw/A1/J/f1/Hw/A1/J/f1/Hw/A1/J/f1/Hw/A1/J/f1/Hw/A1/J/f1/Hw/A1/J/f1/Hw/A1/J/f1/Hw/A1/J/f1/Hw/A1/J/f1/Hw/A1/J/f1/Hw/A1/J/f1/Hw/A1/J/f1/Hw/A1/J/f1/Hw/A1/J/f1/Hw/A1/J/f1/Hw/A1/J/f1/Hw/A1/J/f1/Hw/A1/J/f1/Hw/A1/J/f1/Hw/A1/J/f1/Hw/A1/J/f1/Hw/A1/J/f1/Hw/A1/J/f1/Hw/A1/J/f1/Hw/A1/J/f1/Hw/A1/J/f1/Hw/A1/J/f1/Hw/A1/J/f1/Hw/A1/J/f1/Hw/A1/J/f1/Hw/A1/J/f1/Hw/A1/J/f1/Hw/A1/J/f1/Hw/A1/J/f1/Hw/A1/J/f1/Hw/A1/J/f1/Hw/A1/J/f1/Hw/A1/J/f1/Hw/A1/J/f1/Hw/A1/J/f1/Hw/A1/J/f1/Hw/A1/J/f1/Hw/A1/J/f1/Hw/A1/J/f1/Hw/A1/J/f1/Hw/A1/J/f1/Hw/A1/J/f1/Hw/A1/J/f1/Hw/A1/J/f1/Hw/A1/J/f1/Hw/A1/J/f1/Hw/A1/J/f1/Hw/A1/J/f1/Hw/A1/J/f1/Hw/A1/J/f1/Hw/A1/J/f1/Hw/A1/J/f1/Hw/A1/J/f1/Hw/A1/J/f1/Hw/A1/J/f1/Hw/A1/J/f1/Hw/A1/J/f1/Hw/A1/J/f1/Hw/A1/J/f1/Hw/A1/J/f1/Hw/A1/J/f1/Hw/A1/J/f1/Hw/A1/J/f1/Hw/A1/J/f1/Hw/A1/J/f1/Hw/A1/J/f1/Hw/A1/J/f1/Hw/A1/J/f1/Hw/A1/J/f1/Hw/A1/J/f1/Hw/A1/J/f1/Hw/A1/J/f1/Hw/A1/J/f1/Hw/A1/J/f1/Hw/A1/J/f1/Hw/A1/J/f1/Hw/A1/J/f1/Hw/A1/J/f1/Hw/A1/J/f1/Hw/A1/J/f1/Hw/A1/J/f1/Hw/A1/J/f1/Hw/A1/J/f1/Hw/A1/J/f1/Hw/A1/J/f1/Hw/A1/J/f1/Hw/A1/J/f1/Hw/A1/J/f1/Hw/A1/J/f1/Hw/A1/J/f1/Hw/A1/J/f1/Hw/A1/J/f1/Hw/A1/J/f1/Hw/A1/J/f1/Hw/A1/J/f1/Hw/A1/J/f1/Hw/A1/J/f1/Hw/A1/J/f1/Hw/A1/J/f1/Hw/A1/J/f1/Hw/A1/J/f1/Hw/A1/J/f1/Hw/A1/J/f1/Hw/A1/J/f1/Hw/A1/J/f1/Hw/A1/J/f1/Hw/A1/J/f1/Hw/A1/J/f1/Hw/A1/J/f1/Hw/A1/J/f1/Hw/A1/J/f1/Hw/A1/J/f1/Hw/A1/J/f1/Hw/A1/J/f1/Hw/A1/J/f1/Hw/A1/J/f1/Hw/A1/J/f1/Hw/A1/J/f1/Hw/A1/J/f1/Hw/A1/J/f1/Hw/A1/J/f1/Hw/A1/J/f1/Hw/A1/J/f1/Hw/A1/J/f1/Hw/A1/J/f1/Hw/A1/J/f1/Hw/A1/J/f1/Hw/A1/J/f1/Hw/A1/J/f1/Hw/A1/J/f1/Hw/A1/J/f1/Hw/A1/J/f1/Hw/A1/J/f1/Hw/A1/J/f1/Hw/A1/J/f1/Hw/A1/J/f1/Hw/A1/J/f1/Hw/A1/J/f1/Hw/A1/J/f1/Hw/A1/J/f1/Hw/A1/J/f1/Hw/A1/J/f1/Hw/A1/J/f1/Hw/A1/J/f1/Hw/A1/J/f1/Hw/A1/J/f1/Hw/A1/J/f1/Hw/A1/J/f1/Hw/A1/J/f1/Hw/A1/J/f1/Hw/A1/J/f1/Hw/A1/J/f1/Hw/A1/J/f1/Hw/A1/J/f1/Hw/A1/J/f1/Hw/A1/J/f1/Hw/A1/J/f1/Hw/A1/J/f1/Hw/A1/J/f1/Hw/A1/J/f1/Hw/A1/J/f1/Hw/A1/J/f1/Hw/A1/J/f1/Hw/A1/J/f1/Hw/A1/J/f1/Hw/A1/J/f1/Hw/A1/J/f1/Hw/A1/J/f1/Hw/A1/J/f1/Hw/A1/J/f1/Hw/A1/J/f1/Hw/A1/J/f1/Hw/A1/J/f1/Hw/A1/J/f1/Hw/A1/J/f1/Hw/A1/J/f1/Hw/A1/J/f1/Hw/A1/J/f1/Hw/A1/J/f1/Hw/A1/J/f1/Hw/A1/J/f1/Hw/A1/J/f1/Hw/A1/J/f1/Hw/A1/J/f1/Hw/A1/J/f1/Hw/A1/J/f1/Hw/A1/J/f1/Hw/A1/J/f1/Hw/A1/J/f1/Hw/A1/J/f1/Hw/A1/J/f1/Hw/A1/J/f1/Hw/A1/J/f1/Hw/A1/J/f1/Hw/A1/J/f1/Hw/A1/J/f1/Hw/A1/J/f1/Hw/A1/J/f1/Hw/A1/J/f1/Hw/A1/J/f1/Hw/A1/J/f1/Hw/A1/J/f1/Hw/A1/J/f1/Hw/A1/J/f1/Hw/A1/J/f1/Hw/A1/J/f1/Hw/A1/J/f1/Hw/A1/J/f1/Hw/A1/J/f1/Hw/A1/J/f1/Hw/A1/J/f1/Hw/A1/J/f1/Hw/A1/J/f1/Hw/A1/J/f1/Hw/A1/J/f1/Hw/A1/J/f1/Hw/A1/J/f1/Hw/A1/J/f1/Hw/A1/J/f1/Hw/A1/J/f1/Hw/A1/J/f1/Hw/A1/J/f1/Hw/A1/J/f1/Hw/A1/J/f1/Hw/A1/J/f1/Hw/A1/J/f1/Hw/A1/J/f1/Hw/A1/J/f1/Hw/A1/J/f1/Hw/A1/J/f1/Hw/A1/J/f1/Hw/A1/J/f1/Hw/A1/J/f1/Hw/A1/J/f1/Hw/A1/J/f1/Hw/A1/J/f1/Hw/A1/J/f1/Hw/A1/J/f1/Hw/A1/J/f1/Hw/A1/J/f1/Hw/A1/J/f1/Hw/A1/J/f1/Hw/A1/J/f1/Hw/A1/J/f1/Hw/A1/J/f1/Hw/A1/J/f1/Hw/A1/J/f1/Hw/A1/J/f1/Hw/A1/J/f1/Hw/A1/J/f1/Hw/A1/J/f1/Hw/A1/J/f1/Hw/A1/J/f1/Hw/A1/J/f1/Hw/A1/J/f1/Hw/A1/J/f1/Hw/A1/J/f1/Hw/A1/J/f1/Hw/A1/J/f1/Hw/A1/J/f1/Hw/A1/J/f1/Hw/A1/J/f1/Hw/A1/J/f1/Hw/A1/J/f1/Hw/A1/J/f1/Hw/A1/J/f1/Hw/A1/J/f1/Hw/A1/J/f1/Hw/A1/J/f1/Hw/A1/J/f1/Hw/A1/J/f1/Hw/A1/J/f1/Hw/A1/J/f1/Hw/A1/J/f1/Hw/A1/J/f1/Hw/A1/J/f1/Hw/A1/J/f1/Hw/A1/J/f1/Hw/A1/J/f1/Hw/A1/J/f1/Hw/A1/J/f1/Hw/A1/J/f1/Hw/A1/J/f1/Hw/A1/J/f1/Hw/A1/J/f1/Hw/A1/J/f1/Hw/A1/J/f1/Hw/A1/J/f1/Hw/A1/J/f1/Hw/A1/J/f1/Hw/A1/J/f1/Hw/A1/J/f1/Hw/A1/J/f1/Hw/A1/J/f1/Hw/A1/J/f1/Hw/A1/J/f1/Hw/A1/J/f1/Hw/A1/J/f1/Hw/A1/J/f1/Hw/A1/J/f1/Hw/A1/J/f1/Hw/A1/J/f1/Hw/A1/J/f1/Hw/A1/J/f1/Hw/A1/J/f1/Hw/A1/J/f1/Hw/A1/J/f1/Hw/A1/J/f1/Hw/A1/J/f1/Hw/A1/J/f1/Hw/A1/J/f1/Hw/A1/J/f1/Hw/A1/J/f1/Hw/A1/J/f1/Hw/A1/J/f1/Hw/A1/J/f1/Hw/A1/J/f1/Hw/A1/J/f1/Hw/A1/J/f1/Hw/A1/J/f1/Hw/A1/J/f1/Hw/A1/J/f1/Hw/A1/J/f1/Hw/A1/J/f1/Hw/A1/J/f1/Hw/A1/J/f1/Hw/A1/J/f1/Hw/A1/J/f1/Hw/A1/J/f1/Hw/A1/J/f1/Hw/A1/J/f1/Hw/A1/J/f1/Hw/A1/J/f1/Hw/A1/J/f1/Hw/A1/J/f1/Hw/A1/J/f1/Hw/A1/J/f1/Hw/A1/J/f1/Hw/A1/J/f1/Hw/A1/J/f1/Hw/A1/J/f1/Hw/A1/J/f1/Hw/A1/J/f1/Hw/A1/J/f1/Hw/A1/J/f1/Hw/A1/J/f1/Hw/A1/J/f1/Hw/A1/J/f1/Hw/A1/J/f1/Hw/A1/J/f1/Hw/A1/J/f1/Hw/A1/J/f1/Hw/A1/J/f1/Hw/A1/J/f1/Hw/A1/J/f1/Hw/A1/J/f1/Hw/A1/J/f1/Hw/A1/J/f1/Hw/A1/J/f1/Hw/A1/J/f1/Hw/A1/J/f1/Hw/A1/J/f1/Hw/A1/J/f1/Hw/A1/J/f1/Hw/A1/J/f1/Hw/A1/J/f1/Hw/A1/J/f1/Hw/A1/J/f1/Hw/A1/J/f1/Hw/A1/J/f1/Hw/A1/J/f1/Hw/A1/J/f1/Hw/A1/J/f1/Hw/A1/J/f1/Hw/A1/J/f1/Hw/A1/J/f1/Hw/A1/J/f1/Hw/A1/J/f1/Hw/A1/J/f1/Hw/A1/J/f1/Hw/A1/J/f1/Hw/A1/J/f1/Hw/A1/J/f1/Hw/A1/J/f1/Hw/A1/J/f1/Hw/A1/J/f1/Hw/A1/J/f1/Hw/A1/J/f1/Hw/A1/J/f1/Hw/A1/J/f1/Hw/A1/J/f1/Hw/A1/J/f1/Hw/A1/J/f1/Hw/A1/J/f1/Hw/A1/J/f1/Hw/A1/J/f1/Hw/A1/J/f1/Hw/A1/J/f1/Hw/A1/J/f1/Hw/A1/J/f1/Hw/A1/J/f1/Hw/A1/J/f1/Hw/A1/J/f1/Hw/A1/J/f1/Hw/A1/J/f1/Hw/A1/J/f1/Hw/A1/J/f1/Hw/A1/J/f1/Hw/A1/J/f1/Hw/A1/J/f1/Hw/A1/J/f1/Hw/A1/J/f1/Hw/A1/J/f1/Hw/A1/J/f1/Hw/A1/J/f1/Hw/A1/J/f1/Hw/A1/J/f1/Hw/A1/J/f1/Hw/A1/J/f1/Hw/A1/J/f1/Hw/A1/J/f1/Hw/A1/J/f1/Hw/A1/J/f1/Hw/A1/J/f1/Hw/A1/J/f1/Hw/A1/J/f1/Hw/A1/J/f1/Hw/A1/J/f1/Hw/A1/J/f1/Hw/A1/J/f1/Hw/A1/J/f1/Hw/A1/J/f1/Hw/A1/J/f1/Hw/A1/J/f1/Hw/A1/J/f1/Hw/A1/J/f1/Hw/A1/J/f1/Hw/A1/J/f1/Hw/A1/J/f1/Hw/A1/J/f1/Hw/A1/J/f1/Hw/A1/J/f1/Hw/A1/J/f1/Hw/A1/J/f1/Hw/A1/J/f1/Hw/A1/J/f1/Hw/A1/J/f1/Hw/A1/J/f1/Hw/A1/J/f1/Hw/A1/J/f1/Hw/A1/J/f1/Hw/A1/J/f1/Hw/A1/J/f1/Hw/A1/J/f1/Hw/A1/J/f1/Hw/A1/J/f1/Hw/A1/J/f1/Hw/A1/J/f1/Hw/A1/J/f1/Hw/A1/J/f1/Hw/A1/J/f1/Hw/A1/J/f1/Hw/A1/J/f1/Hw/A1/J/f1/Hw/A1/J/f1/Hw/A1/J/f1/Hw/A1/J/f1/Hw/A1/J/f1/Hw/A1/J/f1/Hw/A1/J/f1/Hw/A1/J/f1/Hw/A1/J/f1/Hw/A1/J/f1/Hw/A1/J/f1/Hw/A1/J/f1/Hw/A1/J/f1/Hw/A1/J/f1/Hw/A1/J/f1/Hw/A1/J/f1/Hw/A1/J/f1/Hw/A1/J/f1/Hw/A1/J/f1/Hw/A1/J/f1/Hw/A1/J/f1/Hw/A1/J/f1/Hw/A1/J/f1/Hw/A1/J/f1/Hw/A1/J/f1/Hw/A1/J/f1/Hw/A1/J/f1/Hw/A1/J/f1/Hw/A1/J/f1/Hw/A1/J/f1/Hw/A1/J/f1/Hw/A1/J/f1/Hw/A1/J/f1/Hw/A1/J/f1/Hw/A1/J/f1/Hw/A1/J/f1/Hw/A1/J/f1/Hw/A1/J/f1/Hw/A1/J/f1/Hw/A1/J/f1/Hw/A1/J/f1/Hw/A1/J/f1/Hw/A1/J/f1/Hw/A1/J/f1/Hw/A1/J/f1/Hw/A1/J/f1/Hw/A1/J/f1/Hw/A1/J/f1/Hw/A1/J/f1/Hw/A1/J/f1/Hw/A1/J/f1/Hw/A1/J/f1/Hw/A1/J/f1/Hw/A1/J/f1/Hw/A1/J/f1/Hw/A1/J/f1/Hw/A1/J/f1/Hw/A1/J/f1/Hw/A1/J/f1/Hw/A1/J/f1/Hw/A1/J/f1/Hw/A1/J/f1/Hw/A1/J/f1/Hw/A1/J/f1/Hw/A1/J/f1/Hw/A1/J/f1/Hw/A1/J/f1/Hw/A1/J/f1/Hw/A1/J/f1/Hw/A1/J/f1/Hw/A1/J/f1/Hw/A1/J/f1/Hw/A1/J/f1/Hw/A1/J/f1/Hw/A1/J/f1/Hw/A1/J/f1/Hw/A1/J/f1/Hw/A1/J/f1/Hw/A1/J/f1/Hw/A1/J/f1/Hw/A1/J/f1/Hw/A1/J/f1/Hw/A1/J/f1/Hw/A1/J/f1/Hw/A1/J/f1/Hw/A1/J/f1/Hw/A1/J/f1/Hw/A1/J/f1/Hw/A1/J/f1/Hw/A1/J/f1/Hw/A1/J/f1/Hw/A1/J/f1/Hw/A1/J/f1/Hw/A1/J/f1/Hw/A1/J/f1/Hw/A1/J/f1/Hw/A1/J/f1/Hw/A1/J/f1/Hw/A1/J/f1/Hw/A1/J/f1/Hw/A1/J/f1/Hw/A1/J/f1/Hw/A1/J/f1/Hw/A1/J/f1/Hw/A1/J/f1/Hw/A1/J/f1/Hw/A1/J/f1/Hw/A1/J/f1/Hw/A1/J/f1/Hw/A1/J/f1/Hw/A1/J/f1/Hw/A1/J/f1/Hw/A1/J/f1/Hw/A1/J/f1/Hw/A1/J/f1/Hw/A1/J/f1/Hw/A1/J/f1/Hw/A1/J/f1/Hw/A1/J/f1/Hw/A1/J/f1/Hw/A1/J/f1/Hw/A1/J/f1/Hw/A1/J/f1/Hw/A1/J/f1/Hw/A1/J/f1/Hw/A1/J/f1/Hw/A1/J/f1/Hw/A1/J/f1/Hw/A1/J/f1/Hw/A1/J/f1/Hw/A1/J/f1/Hw/A1/J/f1/Hw/A1/J/f1/Hw/A1/J/f1/Hw/A1/J/f1/Hw/A1/J/f1/Hw/A1/J/f1/Hw/A1/J/f1/Hw/A1/J/f1/Hw/A1/J/f1/Hw/A1/J/f1/Hw/A1/J/f1/Hw/A1/J/f1/Hw/A1/J/f1/Hw/A1/J/f1/Hw/A1/J/f1/Hw/A1/J/f1/Hw/A1/J/f1/Hw/A1/J/f1/Hw/A1/J/f1/Hw/A1/J/f1/Hw/A1/J/f1/Hw/A1/J/f1/Hw/A1/J/f1/Hw/A1/J/f1/Hw/A1/J/f1/Hw/A1/J/f1/Hw/A1/J/f1/Hw/A1/J/f1/Hw/A1/J/f1/Hw/A1/J/f1/Hw/A1/J/f1/Hw/A1/J/f1/Hw/A1/J/f1/Hw/A1/J/f1/Hw/A1/J/f1/Hw/A1/J/f1/Hw/A1/J/f1/Hw/A1/J/f1/Hw/A1/J/f1/Hw/A1/J/f1/Hw/A1/J/f1/Hw/A1/J/f1/Hw/A1/J/f1/Hw/A1/J/f1/Hw/A1/J/f1/Hw/A1/J/f1/Hw/A1/J/f1/Hw/A1/J/f1/Hw/A1/J/f1/Hw/A1/J/f1/Hw/A1/J/f1/Hw/A1/J/f1/Hw/A1/J/f1/Hw/A1/J/f1/Hw/A1/J/f1/Hw/A1/J/f1/Hw/A1/J/f1/Hw/A1/J/f1/Hw/A1/J/f1/Hw/A1/J/f1/Hw/A1/J/f1/Hw/A1/J/f1/Hw/A1/J/f1/Hw/A1/J/f1/Hw/A1/J/f1/Hw/A1/J/f1/Hw/A1/J/f1/Hw/A1/J/f1/Hw/A1/J/f1/Hw/A1/J/f1/Hw/A1/J/f1/Hw/A1/J/f1/Hw/A1/J/f1/Hw/A1/J/f1/Hw/A1/J/f1/Hw/A1/J/f1/Hw/A1/J/f1/Hw/A1/J/f1/Hw/A1/J/f1/Hw/A1/J/f1/Hw/A1/J/f1/Hw/A1/J/f1/Hw/A1/J/f1/Hw/A1/J/f1/Hw/A1/J/f1/Hw/A1/J/f1/Hw/A1/J/f1/Hw/A1/J/f1/Hw/A1/J/f1/Hw/A1/J/f1/Hw/A1/J/f1/Hw/A1/J/f1/Hw/A1/J/f1/Hw/A1/J/f1/Hw/A1/J/f1/Hw/A1/J/f1/Hw/A1/J/f1/Hw/A1/J/f1/Hw/A1/J/f1/Hw/A1/J/f1/Hw/A1/J/f1/Hw/A1/J/f1/Hw/A1/J/f1/Hw/A1/J/f1/Hw/A1/J/f1/Hw/A1/J/f1/Hw/A1/J/f1/Hw/A1/J/f1/Hw/A1/J/f1/Hw/A1/J/f1/Hw/A1/J/f1/Hw/A1/J/f1/Hw/A1/J/f1/Hw/A1/J/f1/Hw/A1/J/f1/Hw/A1/J/f1/Hw/A1/J/f1/Hw/A1/J/f1/Hw/A1/J/f1/Hw/A1/J/f1/Hw/A1/J/f1/Hw/A1/J/f1/Hw/A1/J/f1/Hw/A1/J/f1/Hw/A1/J/f1/Hw/A1/J/f1/Hw/A1/J/f1/Hw/A1/J/f1/Hw/A1/J/f1/Hw/A1/J/f1/Hw/A1/J/f1/Hw/A1/J/f1/Hw/A1/J/f1/Hw/A1/J/f1/Hw/A1/J/f1/Hw/A1/J/f1/Hw/A1/J/f1/Hw/A1/J/f1/Hw/A1/J/f1/Hw/A1/J/f1/Hw/A1/J/f1/Hw/A1/J/f1/Hw/A1/J/f1/Hw/A1/J/f1/Hw/A1/J/f1/Hw/A1/J/f1/Hw/A1/J/f1/Hw/A1/J/f1/Hw/A1/J/f1/Hw/A1/J/f1/Hw/A1/J/f1/Hw/A1/J/f1/Hw/A1/J/f1/Hw/A1/J/f1/Hw/A1/J/f1/Hw/A1/J/f1/Hw/A1/J/f1/Hw/A1/J/f1/Hw/A1/J/f1/Hw/A1/J/f1/Hw/A1/J/f1/Hw/A1/J/f1/Hw/A1/J/f1/Hw/A1/J/f1/Hw/A1/J/f1/Hw/A1/J/f1/Hw/A1/J/f1/Hw/A1/J/f1/Hw/A1/J/f1/Hw/A1/J/f1/Hw/A1/J/f1/Hw/A1/J/f1/Hw/A1/J/f1/Hw/A1/J/f1/Hw/A1/J/f1/Hw/A1/J/f1/Hw/A1/J/f1/Hw/A1/J/f1/Hw/A1/J/f1/Hw/A1/J/f1/Hw/A1/J/f1/Hw/A1/J/f1/Hw/A1/J/f1/Hw/A1/J/f1/Hw/A1/J/f1/Hw/A1/J/f1/Hw/A1/J/f1/Hw/A1/J/f1/Hw/A1/J/f1/Hw/A1/J/f1/Hw/A1/J/f1/Hw/A1/J/f1/Hw/A1/J/f1/Hw/A1/J/f1/Hw/A1/J/f1/Hw/A1/J/f1/Hw/A1/J/f1/Hw/A1/J/f1/Hw/A1/J/f1/Hw/A1/J/f1/Hw/A1/J/f1/Hw/A1/J/f1/Hw/A1/J/f1/Hw/A1/J/f1/Hw/A1/J/f1/Hw/A1/J/f1/Hw/A1/J/f1/Hw/A1/J/f1/Hw/A1/J/f1/Hw/A1/J/f1/Hw/A1/J/f1/Hw/A1/J/f1/Hw/A1/J/f1/Hw/A1/J/f1/Hw/A1/J/f1/Hw/A1/J/f1/Hw/A1/J/f1/Hw/A1/J/f1/Hw/A1/J/f1/Hw/A1/J/f1/Hw/A1/J/f1/Hw/A1/J/f1/Hw/A1/J/f1/Hw/A1/J/f1/Hw/A1/J/f1/Hw/A1/J/f1/Hw/A1/J/f1/Hw/A1/J/f1/Hw/A1/J/f1/Hw/A1/J/f1/Hw/A1/J/f1/Hw/A1/J/f1/Hw/A1/J/f1/Hw/A1/J/f1/Hw/A1/J/f1/Hw/A1/J/f1/Hw/A1/J/f1/Hw/A1/J/f1/Hw/A1/J/f1/Hw/A1/J/f1/Hw/A1/J/f1/Hw/A1/J/f1/Hw/A1/J/f1/Hw/A1/J/f1/Hw/A1/J/f1/Hw/A1/J/f1/Hw/A1/J/f1/Hw/A1/J/f1/Hw/A1/J/f1/Hw/A1/J/f1/Hw/A1/J/f1/Hw/A1/J/f1/Hw/A1/J/f1/Hw/A1/J/f1/Hw/A1/J/f1/Hw/A1/J/f1/Hw/A1/J/f1/Hw/A1/J/f1/Hw/A1/J/f1/Hw/A1/J/f1/Hw/A1/J/f1/Hw/A1/J/f1/Hw/A1/J/f1/Hw/A1/J/f1/Hw/A1/J/f1/Hw/A1/J/f1/Hw/A1/J/f1/Hw/A1/J/f1/Hw/A1/J/f1/Hw/A1/J/f1/Hw/A1/J/f1/Hw/A1/J/f1/Hw/A1/J/f1/Hw/A1/J/f1/Hw/A1/J/f1/Hw/A1/J/f1/Hw/A1/J/f1/Hw/A1/J/f1/Hw/A1/J/f1/Hw/A1/J/f1/Hw/A1/J/f1/Hw/A1/J/f1/Hw/A1/J/f1/Hw/A1/J/f1/Hw/A1/J/f1/Hw/A1/J/f1/Hw/A1/J/f1/Hw/A1/J/f1/Hw/A1/J/f1/Hw/A1/J/f1/Hw/A1/J/f1/Hw/A1/J/f1/Hw/A1/J/f1/Hw/A1/J/f1/Hw/A1/J/f1/Hw/A1/J/f1/Hw/A1/J/f1/Hw/A1/J/f1/Hw/A1/J/f1/Hw/A1/J/f1/Hw/A1/J/f1/Hw/A1/J/f1/Hw/A1/J/f1/Hw/A1/J/f1/Hw/A1/J/f1/Hw/A1/J/f1/Hw/A1/J/f1/Hw/A1/J/f1/Hw/A1/J/f1/Hw/A1/J/f1/Hw/A1/J/f1/Hw/A1/J/f1/Hw/A1/J/f1/Hw/A1/J/f1/Hw/A1/J/f1/Hw/A1/J/f1/Hw/A1/J/f1/Hw/A1/J/f1/Hw/A1/J/f1/Hw/A1/J/f1/Hw/A1/J/f1/Hw/A1/J/f1/Hw/A1/J/f1/Hw/A1/J/f1/Hw/A1/J/f1/Hw/A1/J/f1/Hw/A1/J/f1/Hw/A1/J/f1/Hw/A1/J/f1/Hw/A1/J/f1/Hw/A1/J/f1/Hw/A1/J/f1/Hw/A1/J/f1/Hw/A1/J/f1/Hw/A1/J/f1/Hw/A1/J/f1/Hw/A1/J/f1/Hw/A1/J/f1/Hw/A1/J/f1/Hw/A1/J/f1/Hw/A1/J/f1/Hw/A1/J/f1/Hw/A1/J/f1/Hw/A1/J/f1/Hw/A1/J/f1/Hw/A1/J/f1/Hw/A1/J/f1/Hw/A1/J/f1/Hw/A1/J/f1/Hw/A1/J/f1/Hw/A1/J/f1/Hw/A1/J/f1/Hw/A1/J/f1/Hw/A1/J/f1/Hw/A1/J/f1/Hw/A1/J/f1/Hw/A1/J/f1/Hw/A1/J/f1/Hw/A1/J/f1/Hw/A1/J/f1/Hw/A1/J/f1/Hw/A1/J/f1/Hw/A1/J/f1/Hw/A1/J/f1/Hw/A1/J/f1/Hw/A1/J/f1/Hw/A1/J/f1/Hw/A1/J/f1/Hw/A1/J/f1/Hw/A1/J/f1/Hw/A1/J/f1/Hw/A1/J/f1/Hw/A1/J/f1/Hw/A1/J/f1/Hw/A1/J/f1/Hw/A1/J/f1/Hw/A1/J/f1/Hw/A1/J/f1/Hw/A1/J/f1/Hw/A1/J/f1/Hw/A1/J/f1/Hw/A1/J/f1/Hw/A1/J/f1/Hw/A1/J/f1/Hw/A1/J/f1/Hw/A1/J/f1/Hw/A1/J/f1/Hw/A1/J/f1/Hw/A1/J/f1/Hw/A1/J/f1/Hw/A1/J/f1/Hw/A1/J/f1/Hw/A1/J/f1/Hw/A1/J/f1/Hw/A1/J/f1/Hw/A1/J/f1/Hw/A1/J/f1/Hw/A1/J/f1/Hw/A1/J/f1/Hw/A1/J/f1/Hw/A1/J/f1/Hw/A1/J/f1/Hw/A1/J/f1/Hw/A1/J/f1/Hw/A1/J/f1/Hw/A1/J/f1/Hw/A1/J/f1/Hw/A1/J/f1/Hw/A1/J/f1/Hw/A1/J/f1/Hw/A1/J/f1/Hw/A1/J/f1/Hw/A1/J/f1/Hw/A1/J/f1/Hw/A1/J/f1/Hw/A1/J/f1/Hw/A1/J/f1/Hw/A1/J/f1/Hw/A1/J/f1/Hw/A1/J/f1/Hw/A1/J/f1/Hw/A1/J/f1/Hw/A1/J/f1/Hw/A1/J/f1/Hw/A1/J/f1/Hw/A1/J/f1/Hw/A1/J/f1/Hw/A1/J/f1/Hw/A1/J/f1/Hw/A1/J/f1/Hw/A1/J/f1/Hw/A1/J/f1/Hw/A1/J/f1/Hw/A1/J/f1/Hw/A1/J/f1/Hw/A1/J/f1/Hw/A1/J/f1/Hw/A1/J/f1/Hw/A1/J/f1/Hw/A1/J/f1/Hw/A1/J/f1/Hw/A1/J/f1/Hw/A1/J/f1/Hw/A1/J/f1/Hw/A1/J/f1/Hw/A1/J/f1/Hw/A1/J/f1/Hw/A1/J/f1/Hw/A1/J/f1/Hw/A1/J/f1/Hw/A1/J/f1/Hw/A1/J/f1/Hw/A1/J/f1/Hw/A1/J/f1/Hw/A1/J/f1/Hw/A1/J/f1/Hw/A1/J/f1/Hw/A1/J/f1/Hw/A1/J/f1/Hw/A1/J/f1/Hw/A1/J/f1/Hw/A1/J/f1/Hw/A1/J/f1/Hw/A1/J/f1/Hw/A1/J/f1/Hw/A1/J/f1/Hw/A1/J/f1/Hw/A1/J/f1/Hw/A1/J/f1/Hw/A1/J/f1/Hw/A1/J/f1/Hw/A1/J/f1/Hw/A1/J/f1/Hw/A1/J/f1/Hw/A1/J/f1/Hw/A1/J/f1/Hw/A1/J/f1/Hw/A1/J/f1/Hw/A1/J/f1/Hw/A1/J/f1/Hw/A1/J/f1/Hw/A1/J/f1/Hw/A1/J/f1/Hw/A1/J/f1/Hw/A1/J/f1/Hw/A1/J/f1/Hw/A1/J/f1/Hw/A1/J/f1/Hw/A1/J/f1/Hw/A1/J/f1/Hw/A1/J/f1/Hw/A1/J/f1/Hw/A1/J/f1/Hw/A1/J/f1/Hw/A1/J/f1/Hw/A1/J/f1/Hw/A1/J/f1/Hw/A1/J/f1/Hw/A1/J/f1/Hw/A1/J/f1/Hw/A1/J/f1/Hw/A1/J/f1/Hw/A1/J/f1/Hw/A1/J/f1/Hw/A1/J/f1/Hw/A1/J/f1/Hw/A1/J/f1/Hw/A1/J/f1/Hw/A1/J/f1/Hw/A1/J/f1/Hw/A1/J/f1/Hw/A1/J/f1/Hw/A1/J/f1/Hw/A1/J/f1/Hw/A1/J/f1/Hw/A1/J/f1/Hw/A1/J/f1/Hw/A1/J/f1/Hw/A1/J/f1/Hw/A1/J/f1/Hw/A1/J/f1/Hw/A1/J/f1/Hw/A1/J/f1/Hw/A1/J/f1/Hw/A1/J/f1/Hw/A1/J/f1/Hw/A1/J/f1/Hw/A1/J/f1/Hw/A1/J/f1/Hw/A1/J/f1/Hw/A1/J/f1/Hw/A1/J/f1/Hw/A1/J/f1/Hw/A1/J/f1/Hw/A1/J/f1/Hw/A1/J/f1/Hw/A1/J/f1/Hw/A1/J/f1/Hw/A1/J/f1/Hw/A1/J/f1/Hw/A1/J/f1/Hw/A1/J/f1/Hw/A1/J/f1/Hw/A1/J/f1/Hw/A1/J/f1/Hw/A1/J/f1/Hw/A1/J/f1/Hw/A1/J/f1/Hw/A1/J/f1/Hw/A1/J/f1/Hw/A1/J/f1/Hw/A1/J/f1/Hw/A1/J/f1/Hw/A1/J/f1/Hw/A1/J/f1/Hw/A1/J/f1/Hw/A1/J/f1/Hw/A1/J/f1/Hw/A1/J/f1/Hw/A1/J/f1/Hw/A1/J/f1/Hw/A1/J/f1/Hw/A1/J/f1/Hw/A1/J/f1/Hw/A1/J/f1/Hw/A1/J/f1/Hw/A1/J/f1/Hw/A1/J/f1/Hw/A1/J/f1/Hw/A1/J/f1/Hw/A1/J/f1/Hw/A1/J/f1/Hw/A1/J/f1/Hw/A1/J/f1/Hw/A1/J/f1/Hw/A1/J/f1/Hw/A1/J/f1/Hw/A1/J/f1/Hw/A1/J/f1/Hw/A1/J/f1/Hw/A1/J/f1/Hw/A1/J/f1/Hw/A1/J/f1/Hw/A1/J/f1/Hw/A1/J/f1/Hw/A1/J/f1/Hw/A1/J/f1/Hw/A1/J/f1/Hw/A1/J/f1/Hw/A1/J/f1/Hw/A1/J/f1/Hw/A1/J/f1/Hw/A1/J/f1/Hw/A1/J/f1/Hw/A1/J/f1/Hw/A1/J/f1/Hw/A1/J/f1/Hw/A1/J/f1/Hw/A1/J/f1/Hw/A1/J/f1/Hw/A1/J/f1/Hw/A1/J/f1/Hw/A1/J/f1/Hw/A1/J/f1/Hw/A1/J/f1/Hw/A1/J/f1/Hw/A1/J/f1/Hw/A1/J/f1/Hw/A1/J/f1/Hw/A1/J/f1/Hw/A1/J/f1/Hw/A1/J/f1/Hw/A1/J/f1/Hw/A